<!DOCTYPE html>
<html lang="pl" class="dark">
<head>
    <meta charset="UTF-8">
    <meta name="viewport" content="width=device-width, initial-scale=1.0">
    <title>SchoolForum - Zaloguj się</title>
    <link rel="stylesheet" href="css/style.css">
    <script>
        // Critical block path to set theme before rendering content
        try {
            const cachedTheme = localStorage.getItem('theme') || 'dark';
            if (cachedTheme === 'light') {
                document.documentElement.classList.remove('dark');
            } else {
                document.documentElement.classList.add('dark');
            }
        } catch (_) {}
    </script>
</head>
<body class="bg-slate-900 text-slate-100 min-h-screen flex flex-col justify-between transition-colors duration-300 font-sans selection:bg-blue-600 selection:text-white dark:bg-[#070d19] bg-[#f8fafc] text-slate-800 dark:text-slate-100">
    <!-- Theme Toggler (Absolute Top Right for ease of access) -->
    <div class="absolute top-4 right-4 z-50">
        <button id="theme_toggle_btn" class="p-2.5 rounded-full bg-white dark:bg-slate-900 border border-slate-200 dark:border-slate-850 text-slate-700 dark:text-slate-350 shadow-md hover:scale-105 active:scale-95 transition-all duration-150 cursor-pointer">
            <!-- Sun Icon (visible in dark) -->
            <svg id="sun_icon" class="w-5 h-5 hidden dark:block" fill="none" stroke="currentColor" stroke-width="2" viewBox="0 0 24 24"><path stroke-linecap="round" stroke-linejoin="round" d="M12 3v1m0 16v1m9-9h-1M4 12H3m15.364-6.364l-.707.707M6.343 17.657l-.707.707m12.728 0l-.707-.707M6.343 6.343l-.707-.707M12 8a4 4 0 100 8 4 4 0 000-8z"/></svg>
            <!-- Moon Icon (visible in light) -->
            <svg id="moon_icon" class="w-5 h-5 block dark:hidden" fill="none" stroke="currentColor" stroke-width="2" viewBox="0 0 24 24"><path stroke-linecap="round" stroke-linejoin="round" d="M20.354 15.354A9 9 0 018.646 3.646 9.003 9.003 0 0012 21a9.003 9.003 0 008.354-5.646z"/></svg>
        </button>
    </div>

    <!-- Main Container -->
    <main class="flex-grow flex items-center justify-center p-4 sm:p-6 lg:p-8">
        <div class="w-full max-w-md bg-white dark:bg-[#0c1424] border border-slate-200 dark:border-slate-850 shadow-2xl rounded-3xl overflow-hidden p-6 sm:p-10 transition-all duration-350 flex flex-col items-center">
            
            <!-- Logo Section -->
            <div class="relative w-20 h-20 mb-5 flex items-center justify-center rounded-2xl bg-gradient-to-tr from-blue-600 to-indigo-750 text-white shadow-lg shadow-blue-500/20">
                <!-- Academic Seal Icon -->
                <svg class="w-10 h-10" fill="none" stroke="currentColor" stroke-width="1.8" viewBox="0 0 24 24">
                    <path stroke-linecap="round" stroke-linejoin="round" d="M12 14l9-5-9-5-9 5 9 5z"/>
                    <path stroke-linecap="round" stroke-linejoin="round" d="M12 14l6.16-3.422a12.083 12.083 0 01.665 6.479A11.952 11.952 0 0012 20.055a11.952 11.952 0 00-6.824-2.998 12.078 12.078 0 01.665-6.479L12 14z"/>
                    <path stroke-linecap="round" stroke-linejoin="round" d="M12 14l4-2.18M12 14l-4-2.18"/>
                </svg>
                <div class="absolute -bottom-1 -right-1 bg-amber-500 text-[9px] font-bold px-1.5 py-0.5 rounded-full text-slate-900 border border-white dark:border-slate-900 shadow">
                    STUDENT
                </div>
            </div>

            <!-- Titles -->
            <h1 class="text-2xl sm:text-3xl font-extrabold tracking-tight text-slate-900 dark:text-white text-center">
                SchoolForum
            </h1>
            <p class="text-xs sm:text-sm text-slate-500 dark:text-slate-400 text-center mt-1.5 max-w-xs leading-relaxed">
                Platforma społecznościowo-edukacyjna dla uczniów szkół średnich i techników
            </p>

            <!-- Educational Warning & Interactive Credentials -->
            <div class="w-full mt-6 p-4 rounded-xl bg-slate-50 dark:bg-slate-900/60 border border-slate-100 dark:border-slate-800 text-xs text-slate-600 dark:text-slate-400 leading-relaxed">
                <span class="font-bold text-slate-800 dark:text-slate-200 block mb-1">Informacje o dostępie</span>
                W celach demonstracyjnych oraz ze względu na ograniczenia zabezpieczeń ramek (sandboxed iframe) w AI Studio, udostępniamy bezpieczny mechanizm logowania jednym kliknięciem. Możesz też wpisać swój adres e-mail aby spersonalizować profil lub zalogować się jako administrator wpisując kod.
            </div>

            <!-- Login Controls -->
            <div class="w-full mt-6 space-y-4">
                <!-- Custom Email (Optional User Customization) -->
                <div>
                    <label for="user_email_input" class="block text-xs font-semibold text-slate-500 dark:text-slate-450 uppercase tracking-wider mb-1.5">Twój adres e-mail (opcjonalnie)</label>
                    <input type="email" id="user_email_input" placeholder="np. uczen@schoolforum.pl" class="w-full px-4 py-2.5 rounded-xl bg-slate-100 dark:bg-slate-900 border border-slate-200 dark:border-slate-800 text-slate-900 dark:text-white placeholder-slate-400 text-sm focus:outline-none focus:ring-2 focus:ring-blue-500 focus:border-transparent transition-all" value="" />
                </div>

                <!-- Admin Code Input (Optional) -->
                <div>
                    <label for="admin_code_input" class="block text-xs font-semibold text-slate-500 dark:text-slate-450 uppercase tracking-wider mb-1.5">Kod administratora (lub zaloguj jako admin)</label>
                    <input type="password" id="admin_code_input" placeholder="Wprowadź kod administratora" class="w-full px-4 py-2.5 rounded-xl bg-slate-100 dark:bg-slate-900 border border-slate-200 dark:border-slate-800 text-slate-900 dark:text-white placeholder-slate-400 text-sm focus:outline-none focus:ring-2 focus:ring-blue-500 focus:border-transparent transition-all" value="" />
                </div>

                <!-- Google OAuth simulated button -->
                <button type="button" id="google_login_btn" class="w-full inline-flex items-center justify-center gap-3 px-5 py-3 rounded-xl bg-white dark:bg-slate-900 border border-slate-200 dark:border-slate-800 text-sm font-semibold text-slate-800 dark:text-slate-250 shadow-sm hover:bg-slate-50 dark:hover:bg-slate-850 hover:border-slate-300 dark:hover:border-slate-755 hover:scale-[1.01] active:scale-[0.99] transition-all cursor-pointer">
                    <!-- Google Logo Vector -->
                    <svg class="w-5 h-5 shrink-0" viewBox="0 0 24 24" width="24" height="24">
                        <path fill="#4285F4" d="M22.56 12.25c0-.78-.07-1.53-.2-2.25H12v4.26h5.92c-.26 1.37-1.04 2.53-2.21 3.31v2.77h3.57c2.08-1.92 3.28-4.74 3.28-8.09z" />
                        <path fill="#34A853" d="M12 23c2.97 0 5.46-.98 7.28-2.66l-3.57-2.77c-.98.66-2.23 1.06-3.71 1.06-2.86 0-5.29-1.93-6.16-4.53H2.18v2.84C3.99 20.53 7.7 23 12 23z" />
                        <path fill="#FBBC05" d="M5.84 14.09c-.22-.66-.35-1.36-.35-2.09s.13-1.43.35-2.09V7.06H2.18C1.43 8.55 1 10.22 1 12s.43 3.45 1.18 4.94l2.85-2.22-.03-.63z" />
                        <path fill="#EA4335" d="M12 5.38c1.62 0 3.06.56 4.21 1.64l3.15-3.15C17.45 2.09 14.97 1 12 1 7.7 1 3.99 3.47 2.18 7.06l3.66 2.84c.87-2.6 3.3-4.52 6.16-4.52z" />
                    </svg>
                    Zaloguj się przez Google
                </button>
            </div>

            <!-- Step by Step configuration collapsible box -->
            <div class="w-full mt-6 border-t border-slate-100 dark:border-slate-850 pt-5">
                <button type="button" id="toggle_config_guide" class="w-full flex items-center justify-between text-xs font-bold text-indigo-600 dark:text-blue-400 uppercase tracking-widest cursor-pointer hover:underline focus:outline-none">
                    <span>Instrukcja Google Cloud Console</span>
                    <svg id="chevron_icon" class="w-4 h-4 transform transition-transform duration-200" fill="none" stroke="currentColor" stroke-width="2" viewBox="0 0 24 24"><path stroke-linecap="round" stroke-linejoin="round" d="M19 9l-7 7-7-7"/></svg>
                </button>
                <div id="config_guide_content" class="hidden mt-3 text-xs text-slate-500 dark:text-slate-400 space-y-2 border-l-2 border-slate-200 dark:border-slate-800 pl-3 leading-relaxed">
                    <p class="font-semibold text-slate-700 dark:text-slate-300">Konfiguracja OAuth 2.0 krok po kroku:</p>
                    <ol class="list-decimal pl-4 space-y-1.5 list-inside">
                        <li>Wejdź na <a href="https://console.cloud.google.com" target="_blank" class="text-blue-500 hover:underline">Google Cloud Console</a>.</li>
                        <li>Stwórz nowy projekt lub wybierz istniejący.</li>
                        <li>Przejdź do zakładki <strong>Interfejsy API i usługi</strong> &rarr; <strong>Ekran zgody OAuth</strong> (OAuth Consent Screen).</li>
                        <li>Wybierz typ <em>External</em> lub <em>Internal</em>, podaj nazwę aplikacji (np. "SchoolForum") i swój e-mail dewelopera.</li>
                        <li>W kroku <strong>Zakresy (Scopes)</strong> dodaj: <code>.../auth/userinfo.email</code>, <code>.../auth/userinfo.profile</code> oraz <code>openid</code>.</li>
                        <li>Przejdź do zakładki <strong>Dane uwierzytelniające</strong> &rarr; <strong>Utwórz dane uwierzytelniające</strong> &rarr; <strong>Identyfikator klienta OAuth</strong>.</li>
                        <li>Jako typ aplikacji wybierz <strong>Aplikacja internetowa</strong> (Web application).</li>
                        <li>W sekcji <strong>Autoryzowane pochodne URI JavaScript</strong> dodaj: <code>http://localhost:3000</code> oraz URL Twojego wdrożenia (np. z Netlify, GitHub Pages lub adres preview z AI Studio).</li>
                        <li>Podobnie w <strong>Autoryzowane identyfikatory URI przekierowania</strong>.</li>
                        <li>Kliknij <em>Utwórz</em>. Skopiuj wygenerowany <strong>Client ID</strong> i wklej go do kodu w pliku `auth.ts`.</li>
                    </ol>
                </div>
            </div>

            <!-- Policy and Terms links -->
            <div class="mt-6 flex gap-4 text-xs text-slate-500 dark:text-slate-400 font-bold select-none">
                <button type="button" id="trigger_privacy_modal" class="hover:underline hover:text-blue-500 transition-colors cursor-pointer bg-transparent border-none">Polityka prywatności</button>
                <span>&bull;</span>
                <button type="button" id="trigger_terms_modal" class="hover:underline hover:text-blue-500 transition-colors cursor-pointer bg-transparent border-none">Regulamin serwisu</button>
            </div>
        </div>
    </main>

    <!-- Global Footer -->
    <footer class="py-4 text-center text-xs text-slate-400 dark:text-slate-600 border-t border-slate-100 dark:border-slate-850/40 bg-white/40 dark:bg-slate-950/20 backdrop-blur-sm">
        &copy; 2026 SchoolForum &middot; Ogólnodostępne narzędzie nauki i współpracy dla uczniów szkół średnich
    </footer>

    <!-- ================= PRYWATNOŚĆ MODAL OVERLAY ================= -->
    <div id="privacy_modal" class="fixed inset-0 bg-slate-950/80 backdrop-blur-md flex items-center justify-center p-4 z-[9999] hidden text-slate-800 dark:text-slate-100">
        <div class="bg-white dark:bg-[#0c1424] border border-slate-200 dark:border-slate-800 rounded-2xl w-full max-w-2xl max-h-[85vh] flex flex-col overflow-hidden shadow-2xl">
            <!-- Header -->
            <div class="p-6 border-b border-slate-100 dark:border-slate-800 flex items-center justify-between">
                <div>
                    <h3 class="text-lg font-extrabold text-slate-900 dark:text-white">Polityka Prywatności</h3>
                    <p class="text-[10px] text-slate-400 dark:text-slate-500 mt-0.5">Zgodna z ogólnym rozporządzeniem o ochronie danych (RODO)</p>
                </div>
                <button type="button" id="close_privacy_modal" class="p-2 text-slate-500 hover:text-slate-700 dark:hover:text-white hover:bg-slate-50 dark:hover:bg-slate-900 rounded-xl transition-all font-bold text-sm cursor-pointer border-none">✕ Zamknij</button>
            </div>
            <!-- Body Content -->
            <div class="p-6 space-y-4 overflow-y-auto text-xs text-slate-600 dark:text-slate-300 leading-relaxed scrollbar-thin">
                <p class="font-bold text-slate-800 dark:text-white">1. ADMINISTRATOR DANYCH OSOBOWYCH</p>
                <p>Administratorem danych osobowych na platformie jest Dyrekcja Szkoły oraz wyznaczony Inspektor Ochrony Danych pod adresem pomocniczym: <a href="mailto:iod@schoolforum.pl" class="text-blue-500 hover:underline">iod@schoolforum.pl</a>.</p>
                
                <p class="font-bold text-slate-800 dark:text-white">2. KATEGORIE PRZETWARZANYCH DANYCH</p>
                <p>Uwierzytelnienie za pomocą bezpiecznego API zapamiętuje wyłącznie: Twój zweryfikowany adres e-mail (np. do komunikacji rocznika), Imię i Nazwisko oraz awatar graficzny. Dane te nie są przekazywane firmom marketingowym ani reklamowym.</p>
                
                <p class="font-bold text-slate-800 dark:text-white">3. PLIKI COOKIES I PAMIĘĆ LOGOWANIA</p>
                <p>Platforma SchoolForum opiera się wyłącznie o lokalne dane autoryzacyjne w przeglądarce użytkownika (<code>localStorage</code>) dla szybkiego przywrócenia wybranego motywu wizualnego grafiki (tryb jasny/ciemny) oraz zapamiętywania postów w sekcji powtórek.</p>
                
                <p class="font-bold text-slate-800 dark:text-white">4. PRAWO DO USUNIĘCIA DANYCH (RODO)</p>
                <p>W każdym momencie każdy uczeń może skasować i trwale zanonimizować swoje konto przechodząc do zakładki Ustawienia &rarr; Usuń Konto. Dane zostaną wymazane automatycznie w czasie rzeczywistym.</p>
            </div>
        </div>
    </div>

    <!-- ================= REGULAMIN MODAL OVERLAY ================= -->
    <div id="terms_modal" class="fixed inset-0 bg-slate-950/80 backdrop-blur-md flex items-center justify-center p-4 z-[9999] hidden text-slate-800 dark:text-slate-100">
        <div class="bg-white dark:bg-[#0c1424] border border-slate-200 dark:border-slate-800 rounded-2xl w-full max-w-2xl max-h-[85vh] flex flex-col overflow-hidden shadow-2xl">
            <!-- Header -->
            <div class="p-6 border-b border-slate-100 dark:border-slate-800 flex items-center justify-between">
                <div>
                    <h3 class="text-lg font-extrabold text-slate-900 dark:text-white">Regulamin Serwisu</h3>
                    <p class="text-[10px] text-slate-400 dark:text-slate-500 mt-0.5">Zasady zachowania w społeczności uczniowskiej</p>
                </div>
                <button type="button" id="close_terms_modal" class="p-2 text-slate-500 hover:text-slate-700 dark:hover:text-white hover:bg-slate-50 dark:hover:bg-slate-900 rounded-xl transition-all font-bold text-sm cursor-pointer border-none">✕ Zamknij</button>
            </div>
            <!-- Body Content -->
            <div class="p-6 space-y-4 overflow-y-auto text-xs text-slate-600 dark:text-slate-300 leading-relaxed scrollbar-thin">
                <p class="font-bold text-slate-800 dark:text-white">1. ZASADY OGÓLNE I DOSTĘP</p>
                <p>Z platformy SchoolForum mogą bezpłatnie korzystać wszyscy uczniowie szkół średnich, techników i branżowych w celach dydaktycznych.</p>
                
                <p class="font-bold text-slate-800 dark:text-white">2. KULTURA I SZACUNEK</p>
                <p>Obowiązuje całkowity i bezwzględny zakaz używania mowy nienawiści, wulgaryzmów, obrażania nauczycieli lub innych uczniów szkoły. Każdy przejaw cyberprzestępczości będzie natychmiast zgłaszany do moderatorów systemu.</p>
                
                <p class="font-bold text-slate-800 dark:text-white">3. INTEGRALNOŚĆ I PRZECIEKI</p>
                <p>Zabrania się wgrywania szkodliwego oprogramowania. Publikowane pliki powinny służyć wyłącznie jako próbne arkusze maturalne lub pomoc naukowa przed kartkówką.</p>
                
                <p class="font-bold text-slate-800 dark:text-white">4. UPRAWNIENIA MODERATORÓW</p>
                <p>Użytkownicy naruszający regulamin mogą zostać wyciszeni (brak możliwości komentowania) lub stale zbanowani (wykluczeni z platformy) przez wyznaczonych administratorów.</p>
            </div>
        </div>
    </div>

    <!-- Script Entry point -->
    <script type="module" src="ts/auth.ts"></script>
</body>
</html>
